
Microsoft Visual Studio Solution File, Format Version 12.00
# Visual Studio Version 17
VisualStudioVersion = 17.7.34202.233
MinimumVisualStudioVersion = 10.0.40219.1
Project("{FAE04EC0-301F-11D3-BF4B-00C04F79EFBC}") = "MS_Word_Creator", "MS_Word_Creator.csproj", "{0D628307-9504-4FB1-8EDC-D1B4AC653F7B}"
EndProject
Global
	GlobalSection(SolutionConfigurationPlatforms) = preSolution
		Debug|Any CPU = Debug|Any CPU
		Release|Any CPU = Release|Any CPU
	EndGlobalSection
	GlobalSection(ProjectConfigurationPlatforms) = postSolution
		{0D628307-9504-4FB1-8EDC-D1B4AC653F7B}.Debug|Any CPU.ActiveCfg = Debug|Any CPU
		{0D628307-9504-4FB1-8EDC-D1B4AC653F7B}.Debug|Any CPU.Build.0 = Debug|Any CPU
		{0D628307-9504-4FB1-8EDC-D1B4AC653F7B}.Release|Any CPU.ActiveCfg = Release|Any CPU
		{0D628307-9504-4FB1-8EDC-D1B4AC653F7B}.Release|Any CPU.Build.0 = Release|Any CPU
	EndGlobalSection
	GlobalSection(SolutionProperties) = preSolution
		HideSolutionNode = FALSE
	EndGlobalSection
	GlobalSection(ExtensibilityGlobals) = postSolution
		SolutionGuid = {A09626AA-E725-460D-9017-21536217E114}
	EndGlobalSection
EndGlobal
